{
  "lockfileVersion": 1,
  "workspaces": {
    "": {
      "name": "tabby-lottie-gif",
      "dependencies": {
        "@lottiefiles/dotlottie-web": "0.55.0",
        "@napi-rs/canvas": "0.1.81",
        "gifenc": "1.0.3",
      },
    },
  },
  "packages": {
    "@lottiefiles/dotlottie-web": ["@lottiefiles/dotlottie-web@0.55.0", "", {}, "sha512-MYpRPxc0630GruhmL5ufTNvjobi9SZG1Zgdr1mr7KCYV1WwMYEO4DobGnR5E+Wbvgp1ChY+7hBKynYobCculGw=="],

    "@napi-rs/canvas": ["@napi-rs/canvas@0.1.81", "", { "optionalDependencies": { "@napi-rs/canvas-android-arm64": "0.1.81", "@napi-rs/canvas-darwin-arm64": "0.1.81", "@napi-rs/canvas-darwin-x64": "0.1.81", "@napi-rs/canvas-linux-arm-gnueabihf": "0.1.81", "@napi-rs/canvas-linux-arm64-gnu": "0.1.81", "@napi-rs/canvas-linux-arm64-musl": "0.1.81", "@napi-rs/canvas-linux-riscv64-gnu": "0.1.81", "@napi-rs/canvas-linux-x64-gnu": "0.1.81", "@napi-rs/canvas-linux-x64-musl": "0.1.81", "@napi-rs/canvas-win32-x64-msvc": "0.1.81" } }, "sha512-ReCjd5SYI/UKx/olaQLC4GtN6wUQGjlgHXs1lvUvWGXfBMR3Fxnik3cL+OxKN5ithNdoU0/GlCrdKcQDFh2XKQ=="],

    "@napi-rs/canvas-android-arm64": ["@napi-rs/canvas-android-arm64@0.1.81", "", { "os": "android", "cpu": "arm64" }, "sha512-78Lz+AUi+MsWupyZjXwpwQrp1QCwncPvRZrdvrROcZ9Gq9grP7LfQZiGdR8LKyHIq3OR18mDP+JESGT15V1nXw=="],

    "@napi-rs/canvas-darwin-arm64": ["@napi-rs/canvas-darwin-arm64@0.1.81", "", { "os": "darwin", "cpu": "arm64" }, "sha512-omejuKgHWKDGoh8rsgsyhm/whwxMaryTQjJTd9zD7hiB9/rzcEEJLHnzXWR5ysy4/tTjHaQotE6k2t8eodTLnA=="],

    "@napi-rs/canvas-darwin-x64": ["@napi-rs/canvas-darwin-x64@0.1.81", "", { "os": "darwin", "cpu": "x64" }, "sha512-EYfk+co6BElq5DXNH9PBLYDYwc4QsvIVbyrsVHsxVpn4p6Y3/s8MChgC69AGqj3vzZBQ1qx2CRCMtg5cub+XuQ=="],

    "@napi-rs/canvas-linux-arm-gnueabihf": ["@napi-rs/canvas-linux-arm-gnueabihf@0.1.81", "", { "os": "linux", "cpu": "arm" }, "sha512-teh6Q74CyAcH31yLNQGR9MtXSFxlZa5CI6vvNUISI14gWIJWrhOwUAOly+KRe1aztWR0FWTVSPxM4p5y+06aow=="],

    "@napi-rs/canvas-linux-arm64-gnu": ["@napi-rs/canvas-linux-arm64-gnu@0.1.81", "", { "os": "linux", "cpu": "arm64" }, "sha512-AGEopHFYRzJOjxY+2G1RmHPRnuWvO3Qdhq7sIazlSjxb3Z6dZHg7OB/4ZimXaimPjDACm9qWa6t5bn9bhXvkcw=="],

    "@napi-rs/canvas-linux-arm64-musl": ["@napi-rs/canvas-linux-arm64-musl@0.1.81", "", { "os": "linux", "cpu": "arm64" }, "sha512-Bj3m1cl4GIhsigkdwOxii4g4Ump3/QhNpx85IgAlCCYXpaly6mcsWpuDYEabfIGWOWhDUNBOndaQUPfWK1czOQ=="],

    "@napi-rs/canvas-linux-riscv64-gnu": ["@napi-rs/canvas-linux-riscv64-gnu@0.1.81", "", { "os": "linux", "cpu": "none" }, "sha512-yg/5NkHykVdwPlD3XObwCa/EswkOwLHswJcI9rHrac+znHsmCSj5AMX/RTU9Z9F6lZTwL60JM2Esit33XhAMiw=="],

    "@napi-rs/canvas-linux-x64-gnu": ["@napi-rs/canvas-linux-x64-gnu@0.1.81", "", { "os": "linux", "cpu": "x64" }, "sha512-tPfMpSEBuV5dJSKexO/UZxpOqnYTaNbG8aKa1ek8QsWu+4SJ/foWkaxscra/RUv85vepx6WWDjzBNbNJsTnO0w=="],

    "@napi-rs/canvas-linux-x64-musl": ["@napi-rs/canvas-linux-x64-musl@0.1.81", "", { "os": "linux", "cpu": "x64" }, "sha512-1L0xnYgzqn8Baef+inPvY4dKqdmw3KCBoe0NEDgezuBZN7MA5xElwifoG8609uNdrMtJ9J6QZarsslLRVqri7g=="],

    "@napi-rs/canvas-win32-x64-msvc": ["@napi-rs/canvas-win32-x64-msvc@0.1.81", "", { "os": "win32", "cpu": "x64" }, "sha512-57ryVbhm/z7RE9/UVcS7mrLPdlayLesy+9U0Uf6epCoeSGrs99tfieCcgZWFbIgmByQ1AZnNtFI2N6huqDLlWQ=="],

    "gifenc": ["gifenc@1.0.3", "", {}, "sha512-xdr6AdrfGBcfzncONUOlXMBuc5wJDtOueE3c5rdG0oNgtINLD+f2iFZltrBRZYzACRbKr+mSVU/x98zv2u3jmw=="],
  }
}
