{
  "name": "tabby-lottie-gif",
  "lockfileVersion": 3,
  "requires": true,
  "packages": {
    "": {
      "name": "tabby-lottie-gif",
      "dependencies": {
        "@lottiefiles/dotlottie-web": "0.78.2",
        "@napi-rs/canvas": "1.0.3"
      }
    },
    "node_modules/@lottiefiles/dotlottie-web": {
      "version": "0.78.2",
      "resolved": "https://registry.npmjs.org/@lottiefiles/dotlottie-web/-/dotlottie-web-0.78.2.tgz",
      "integrity": "sha512-ERBw7qATlekpFnR1xwNoTeXsXqw0FzCiEgei0IwPiquT277m36/o0aSWZDK7CgkhVd1NYre3M9fH+6n4waUfHA==",
      "license": "MIT",
      "engines": {
        "node": ">=18.17.0",
        "npm": ">=9.5.0"
      }
    },
    "node_modules/@napi-rs/canvas": {
      "version": "1.0.3",
      "resolved": "https://registry.npmjs.org/@napi-rs/canvas/-/canvas-1.0.3.tgz",
      "integrity": "sha512-OlI657a5XXvKGFX7kNeIzJ8rO7IXt87Mqu2H8rXE46viAuOfum/JA7ysX7+eBhxNKznT+RCZh418mndlcFX3+w==",
      "license": "MIT",
      "workspaces": [
        "e2e/*"
      ],
      "engines": {
        "node": ">= 10"
      },
      "funding": {
        "type": "github",
        "url": "https://github.com/sponsors/Brooooooklyn"
      },
      "optionalDependencies": {
        "@napi-rs/canvas-android-arm64": "1.0.3",
        "@napi-rs/canvas-darwin-arm64": "1.0.3",
        "@napi-rs/canvas-darwin-x64": "1.0.3",
        "@napi-rs/canvas-linux-arm-gnueabihf": "1.0.3",
        "@napi-rs/canvas-linux-arm64-gnu": "1.0.3",
        "@napi-rs/canvas-linux-arm64-musl": "1.0.3",
        "@napi-rs/canvas-linux-riscv64-gnu": "1.0.3",
        "@napi-rs/canvas-linux-x64-gnu": "1.0.3",
        "@napi-rs/canvas-linux-x64-musl": "1.0.3",
        "@napi-rs/canvas-win32-arm64-msvc": "1.0.3",
        "@napi-rs/canvas-win32-x64-msvc": "1.0.3"
      }
    },
    "node_modules/@napi-rs/canvas-android-arm64": {
      "version": "1.0.3",
      "resolved": "https://registry.npmjs.org/@napi-rs/canvas-android-arm64/-/canvas-android-arm64-1.0.3.tgz",
      "integrity": "sha512-7kSCdUhoXiO+AaIMXdBGdtp6EctZNkmF62Rea/BmVQlwKaM3bBhOzyGUzxyxz9dv5vdBfpyAaxhSRSJF4kqK4A==",
      "cpu": [
        "arm64"
      ],
      "license": "MIT",
      "optional": true,
      "os": [
        "android"
      ],
      "engines": {
        "node": ">= 10"
      },
      "funding": {
        "type": "github",
        "url": "https://github.com/sponsors/Brooooooklyn"
      }
    },
    "node_modules/@napi-rs/canvas-darwin-arm64": {
      "version": "1.0.3",
      "resolved": "https://registry.npmjs.org/@napi-rs/canvas-darwin-arm64/-/canvas-darwin-arm64-1.0.3.tgz",
      "integrity": "sha512-ds14V1BPagLszQyaDTeggny5fNeTCqsUQ5QhFj9VDxSEfzrVxXtdbR0LoFyKa0Siaaw8KvqSk4t7k/WoZJwvbg==",
      "cpu": [
        "arm64"
      ],
      "license": "MIT",
      "optional": true,
      "os": [
        "darwin"
      ],
      "engines": {
        "node": ">= 10"
      },
      "funding": {
        "type": "github",
        "url": "https://github.com/sponsors/Brooooooklyn"
      }
    },
    "node_modules/@napi-rs/canvas-darwin-x64": {
      "version": "1.0.3",
      "resolved": "https://registry.npmjs.org/@napi-rs/canvas-darwin-x64/-/canvas-darwin-x64-1.0.3.tgz",
      "integrity": "sha512-qof3LRAAycmkV2I1izZo9RoSHF8kCQr5O05sFwv0jK8rSdYV6KHVwimo6Qb7RxZj40WHKbLHm5JDaUF0o5XUAA==",
      "cpu": [
        "x64"
      ],
      "license": "MIT",
      "optional": true,
      "os": [
        "darwin"
      ],
      "engines": {
        "node": ">= 10"
      },
      "funding": {
        "type": "github",
        "url": "https://github.com/sponsors/Brooooooklyn"
      }
    },
    "node_modules/@napi-rs/canvas-linux-arm-gnueabihf": {
      "version": "1.0.3",
      "resolved": "https://registry.npmjs.org/@napi-rs/canvas-linux-arm-gnueabihf/-/canvas-linux-arm-gnueabihf-1.0.3.tgz",
      "integrity": "sha512-FU2kKZLmolHA9+KcUA+l1+xH3WTLUUTQDU/kLv9SEUr2TrRPu94aytOeizFJDHPs/QBcw4QL1mCQhetQXYBbag==",
      "cpu": [
        "arm"
      ],
      "license": "MIT",
      "optional": true,
      "os": [
        "linux"
      ],
      "engines": {
        "node": ">= 10"
      },
      "funding": {
        "type": "github",
        "url": "https://github.com/sponsors/Brooooooklyn"
      }
    },
    "node_modules/@napi-rs/canvas-linux-arm64-gnu": {
      "version": "1.0.3",
      "resolved": "https://registry.npmjs.org/@napi-rs/canvas-linux-arm64-gnu/-/canvas-linux-arm64-gnu-1.0.3.tgz",
      "integrity": "sha512-GVSjntxKeA+/y/ZKf1F+cmUw1WeIkE5aMRPqnZUlBTBvBcrvgWccJAWuYCKPX4QJQwZILIIwhgdAbl51yj6fpA==",
      "cpu": [
        "arm64"
      ],
      "libc": [
        "glibc"
      ],
      "license": "MIT",
      "optional": true,
      "os": [
        "linux"
      ],
      "engines": {
        "node": ">= 10"
      },
      "funding": {
        "type": "github",
        "url": "https://github.com/sponsors/Brooooooklyn"
      }
    },
    "node_modules/@napi-rs/canvas-linux-arm64-musl": {
      "version": "1.0.3",
      "resolved": "https://registry.npmjs.org/@napi-rs/canvas-linux-arm64-musl/-/canvas-linux-arm64-musl-1.0.3.tgz",
      "integrity": "sha512-J51oK/axyZ13kxycumSMfLiDZMdWdOVvqDFI28BpuViZHE3A0bQfr8B5vg8YnPEnqLD3BSn1hkdlh2buspEcNQ==",
      "cpu": [
        "arm64"
      ],
      "libc": [
        "musl"
      ],
      "license": "MIT",
      "optional": true,
      "os": [
        "linux"
      ],
      "engines": {
        "node": ">= 10"
      },
      "funding": {
        "type": "github",
        "url": "https://github.com/sponsors/Brooooooklyn"
      }
    },
    "node_modules/@napi-rs/canvas-linux-riscv64-gnu": {
      "version": "1.0.3",
      "resolved": "https://registry.npmjs.org/@napi-rs/canvas-linux-riscv64-gnu/-/canvas-linux-riscv64-gnu-1.0.3.tgz",
      "integrity": "sha512-CtQgQjoVTX67jS9XuCTtJ40Sl7wRLMguoFnnGnfDmCWf7kzKFZVwj5ynqUOIGKFMSB61ZCuQlwPvVNxYTTseaw==",
      "cpu": [
        "riscv64"
      ],
      "libc": [
        "glibc"
      ],
      "license": "MIT",
      "optional": true,
      "os": [
        "linux"
      ],
      "engines": {
        "node": ">= 10"
      },
      "funding": {
        "type": "github",
        "url": "https://github.com/sponsors/Brooooooklyn"
      }
    },
    "node_modules/@napi-rs/canvas-linux-x64-gnu": {
      "version": "1.0.3",
      "resolved": "https://registry.npmjs.org/@napi-rs/canvas-linux-x64-gnu/-/canvas-linux-x64-gnu-1.0.3.tgz",
      "integrity": "sha512-jtfzAHFp+FRaR7zGT4jyCe6wUgAG/dVb5A4Apd8FY9jKarntDfUAlJXscugiH7ZF5kKnu7/lHFk9LaDPcrGEVQ==",
      "cpu": [
        "x64"
      ],
      "libc": [
        "glibc"
      ],
      "license": "MIT",
      "optional": true,
      "os": [
        "linux"
      ],
      "engines": {
        "node": ">= 10"
      },
      "funding": {
        "type": "github",
        "url": "https://github.com/sponsors/Brooooooklyn"
      }
    },
    "node_modules/@napi-rs/canvas-linux-x64-musl": {
      "version": "1.0.3",
      "resolved": "https://registry.npmjs.org/@napi-rs/canvas-linux-x64-musl/-/canvas-linux-x64-musl-1.0.3.tgz",
      "integrity": "sha512-xTzaUCKUHTY4bCGadeeRZggbRVbGUT1petg7Z8r9AJR2+D9Bqu6nQAgqBGC6D47tA70LjaaaLTrJ7wNY1T74dg==",
      "cpu": [
        "x64"
      ],
      "libc": [
        "musl"
      ],
      "license": "MIT",
      "optional": true,
      "os": [
        "linux"
      ],
      "engines": {
        "node": ">= 10"
      },
      "funding": {
        "type": "github",
        "url": "https://github.com/sponsors/Brooooooklyn"
      }
    },
    "node_modules/@napi-rs/canvas-win32-arm64-msvc": {
      "version": "1.0.3",
      "resolved": "https://registry.npmjs.org/@napi-rs/canvas-win32-arm64-msvc/-/canvas-win32-arm64-msvc-1.0.3.tgz",
      "integrity": "sha512-ktVLuBkI6QVOm5BwO/WbdGwxgeetAMJa7TTmR8qBarXF0OU2NKjvjUtPJAl2y8t+zBRczJl/1VOl9gua6WcK2g==",
      "cpu": [
        "arm64"
      ],
      "license": "MIT",
      "optional": true,
      "os": [
        "win32"
      ],
      "engines": {
        "node": ">= 10"
      },
      "funding": {
        "type": "github",
        "url": "https://github.com/sponsors/Brooooooklyn"
      }
    },
    "node_modules/@napi-rs/canvas-win32-x64-msvc": {
      "version": "1.0.3",
      "resolved": "https://registry.npmjs.org/@napi-rs/canvas-win32-x64-msvc/-/canvas-win32-x64-msvc-1.0.3.tgz",
      "integrity": "sha512-SGhlQ8bDjL1Cz2KnsKMasr/5sTcwG/SZkB6WCJxLsmSm/3aS2C+3p39bA7iZ2/94+NkVDySZfbiGoaSZSFHYxA==",
      "cpu": [
        "x64"
      ],
      "license": "MIT",
      "optional": true,
      "os": [
        "win32"
      ],
      "engines": {
        "node": ">= 10"
      },
      "funding": {
        "type": "github",
        "url": "https://github.com/sponsors/Brooooooklyn"
      }
    }
  }
}
